
Microsoft Visual Studio Solution File, Format Version 12.00
# Visual Studio Version 17
VisualStudioVersion = 17.3.32929.385
MinimumVisualStudioVersion = 10.0.40219.1
Project("{2150E333-8FDC-42A3-9474-1A3956D46DE8}") = "0 - Apresentacao", "0 - Apresentacao", "{5285E3C9-0537-413B-B955-BA6223912A9F}"
EndProject
Project("{FAE04EC0-301F-11D3-BF4B-00C04F79EFBC}") = "AR.Apresentacao", "AR.Apresentacao\AR.Apresentacao.csproj", "{2F529FD5-4677-4992-8D53-E84C9B2D3CF3}"
EndProject
Project("{2150E333-8FDC-42A3-9474-1A3956D46DE8}") = "1-Domain", "1-Domain", "{8401818A-AFFA-4AB5-BDC8-92F1F3E93216}"
EndProject
Project("{FAE04EC0-301F-11D3-BF4B-00C04F79EFBC}") = "AR.Domain", "AR.Domain\AR.Domain.csproj", "{5A6FE03C-9B74-4228-8928-165D008F0373}"
EndProject
Project("{2150E333-8FDC-42A3-9474-1A3956D46DE8}") = "2 - Data", "2 - Data", "{4E87DDA2-F1BA-4B80-9EBC-868ACA5BE73B}"
EndProject
Project("{FAE04EC0-301F-11D3-BF4B-00C04F79EFBC}") = "AR.Data", "AR.Data\AR.Data.csproj", "{02EC0781-ADE9-4D05-B021-CF368007CC68}"
EndProject
Global
	GlobalSection(SolutionConfigurationPlatforms) = preSolution
		Debug|Any CPU = Debug|Any CPU
		Release|Any CPU = Release|Any CPU
	EndGlobalSection
	GlobalSection(ProjectConfigurationPlatforms) = postSolution
		{2F529FD5-4677-4992-8D53-E84C9B2D3CF3}.Debug|Any CPU.ActiveCfg = Debug|Any CPU
		{2F529FD5-4677-4992-8D53-E84C9B2D3CF3}.Debug|Any CPU.Build.0 = Debug|Any CPU
		{2F529FD5-4677-4992-8D53-E84C9B2D3CF3}.Release|Any CPU.ActiveCfg = Release|Any CPU
		{2F529FD5-4677-4992-8D53-E84C9B2D3CF3}.Release|Any CPU.Build.0 = Release|Any CPU
		{5A6FE03C-9B74-4228-8928-165D008F0373}.Debug|Any CPU.ActiveCfg = Debug|Any CPU
		{5A6FE03C-9B74-4228-8928-165D008F0373}.Debug|Any CPU.Build.0 = Debug|Any CPU
		{5A6FE03C-9B74-4228-8928-165D008F0373}.Release|Any CPU.ActiveCfg = Release|Any CPU
		{5A6FE03C-9B74-4228-8928-165D008F0373}.Release|Any CPU.Build.0 = Release|Any CPU
		{02EC0781-ADE9-4D05-B021-CF368007CC68}.Debug|Any CPU.ActiveCfg = Debug|Any CPU
		{02EC0781-ADE9-4D05-B021-CF368007CC68}.Debug|Any CPU.Build.0 = Debug|Any CPU
		{02EC0781-ADE9-4D05-B021-CF368007CC68}.Release|Any CPU.ActiveCfg = Release|Any CPU
		{02EC0781-ADE9-4D05-B021-CF368007CC68}.Release|Any CPU.Build.0 = Release|Any CPU
	EndGlobalSection
	GlobalSection(SolutionProperties) = preSolution
		HideSolutionNode = FALSE
	EndGlobalSection
	GlobalSection(NestedProjects) = preSolution
		{2F529FD5-4677-4992-8D53-E84C9B2D3CF3} = {5285E3C9-0537-413B-B955-BA6223912A9F}
		{5A6FE03C-9B74-4228-8928-165D008F0373} = {8401818A-AFFA-4AB5-BDC8-92F1F3E93216}
		{02EC0781-ADE9-4D05-B021-CF368007CC68} = {4E87DDA2-F1BA-4B80-9EBC-868ACA5BE73B}
	EndGlobalSection
	GlobalSection(ExtensibilityGlobals) = postSolution
		SolutionGuid = {688C0604-75F4-4CA9-91B8-CB665106C52F}
	EndGlobalSection
EndGlobal
